
Microsoft Visual Studio Solution File, Format Version 12.00
# Visual Studio Version 17
VisualStudioVersion = 17.6.33829.357
MinimumVisualStudioVersion = 10.0.40219.1
Project("{FAE04EC0-301F-11D3-BF4B-00C04F79EFBC}") = "Corendon.API", "Corendon.API\Corendon.API.csproj", "{3ECEDA92-1D1D-43E0-A6D3-28A166F0A14F}"
EndProject
Project("{2150E333-8FDC-42A3-9474-1A3956D46DE8}") = "Infrastructre", "Infrastructre", "{F1E8488E-74C3-49E8-A505-2D1270870E9E}"
EndProject
Project("{2150E333-8FDC-42A3-9474-1A3956D46DE8}") = "Business", "Business", "{720BF726-6BA8-407B-8380-EB73297FDBCB}"
EndProject
Project("{2150E333-8FDC-42A3-9474-1A3956D46DE8}") = "Data", "Data", "{7216BC5C-9F91-4CC6-8131-694C06280D3F}"
EndProject
Project("{FAE04EC0-301F-11D3-BF4B-00C04F79EFBC}") = "Corendon.Data", "Corendon.Data\Corendon.Data.csproj", "{7085FF3C-4E59-44A0-86ED-6DB93D3E8E92}"
EndProject
Project("{FAE04EC0-301F-11D3-BF4B-00C04F79EFBC}") = "Corendon.Common", "Corendon.Common\Corendon.Common.csproj", "{9551F3F7-3989-41E7-89F2-8967364DF005}"
EndProject
Project("{FAE04EC0-301F-11D3-BF4B-00C04F79EFBC}") = "Corendon.Entity", "Corendon.Entity\Corendon.Entity.csproj", "{4A6ACC09-2007-4742-BC1F-76C1C50A7EF7}"
EndProject
Project("{FAE04EC0-301F-11D3-BF4B-00C04F79EFBC}") = "Corendon.Mapper", "Corendon.Mapper\Corendon.Mapper.csproj", "{BA6105F9-E2E0-4853-A739-47E46B612C77}"
EndProject
Project("{FAE04EC0-301F-11D3-BF4B-00C04F79EFBC}") = "Corendon.Attributes", "Corendon.Attributes\Corendon.Attributes.csproj", "{EE81C1FA-DE32-4010-BA30-EBCFD93BBCC6}"
EndProject
Project("{FAE04EC0-301F-11D3-BF4B-00C04F79EFBC}") = "Corendon.Security", "Corendon.Security\Corendon.Security.csproj", "{70644EF6-14A8-4C37-A692-57A120FEDCF4}"
EndProject
Project("{FAE04EC0-301F-11D3-BF4B-00C04F79EFBC}") = "Corendon.Factory", "Corendon.Factory\Corendon.Factory.csproj", "{D0643828-43A5-4EEE-86F8-DA2F33756DDD}"
EndProject
Project("{FAE04EC0-301F-11D3-BF4B-00C04F79EFBC}") = "Corendon.Repository", "Corendon.Repository\Corendon.Repository.csproj", "{B8114646-0FFE-40E5-B48C-9586791E020E}"
EndProject
Project("{FAE04EC0-301F-11D3-BF4B-00C04F79EFBC}") = "Corendon.Application", "Corendon.Application\Corendon.Application.csproj", "{EC1652FA-D767-4ED4-9242-760F68E24369}"
EndProject
Project("{FAE04EC0-301F-11D3-BF4B-00C04F79EFBC}") = "Corendon.CQRS", "Corendon.CQRS\Corendon.CQRS.csproj", "{7967FD0F-CF7D-4D05-AC39-4B10A17DB3FC}"
EndProject
Project("{FAE04EC0-301F-11D3-BF4B-00C04F79EFBC}") = "Corendon.ViewModels", "Corendon.ViewModels\Corendon.ViewModels.csproj", "{E05300CB-7A0A-4548-BF9C-909563075812}"
EndProject
Global
	GlobalSection(SolutionConfigurationPlatforms) = preSolution
		Debug|Any CPU = Debug|Any CPU
		Release|Any CPU = Release|Any CPU
	EndGlobalSection
	GlobalSection(ProjectConfigurationPlatforms) = postSolution
		{3ECEDA92-1D1D-43E0-A6D3-28A166F0A14F}.Debug|Any CPU.ActiveCfg = Debug|Any CPU
		{3ECEDA92-1D1D-43E0-A6D3-28A166F0A14F}.Debug|Any CPU.Build.0 = Debug|Any CPU
		{3ECEDA92-1D1D-43E0-A6D3-28A166F0A14F}.Release|Any CPU.ActiveCfg = Release|Any CPU
		{3ECEDA92-1D1D-43E0-A6D3-28A166F0A14F}.Release|Any CPU.Build.0 = Release|Any CPU
		{7085FF3C-4E59-44A0-86ED-6DB93D3E8E92}.Debug|Any CPU.ActiveCfg = Debug|Any CPU
		{7085FF3C-4E59-44A0-86ED-6DB93D3E8E92}.Debug|Any CPU.Build.0 = Debug|Any CPU
		{7085FF3C-4E59-44A0-86ED-6DB93D3E8E92}.Release|Any CPU.ActiveCfg = Release|Any CPU
		{7085FF3C-4E59-44A0-86ED-6DB93D3E8E92}.Release|Any CPU.Build.0 = Release|Any CPU
		{9551F3F7-3989-41E7-89F2-8967364DF005}.Debug|Any CPU.ActiveCfg = Debug|Any CPU
		{9551F3F7-3989-41E7-89F2-8967364DF005}.Debug|Any CPU.Build.0 = Debug|Any CPU
		{9551F3F7-3989-41E7-89F2-8967364DF005}.Release|Any CPU.ActiveCfg = Release|Any CPU
		{9551F3F7-3989-41E7-89F2-8967364DF005}.Release|Any CPU.Build.0 = Release|Any CPU
		{4A6ACC09-2007-4742-BC1F-76C1C50A7EF7}.Debug|Any CPU.ActiveCfg = Debug|Any CPU
		{4A6ACC09-2007-4742-BC1F-76C1C50A7EF7}.Debug|Any CPU.Build.0 = Debug|Any CPU
		{4A6ACC09-2007-4742-BC1F-76C1C50A7EF7}.Release|Any CPU.ActiveCfg = Release|Any CPU
		{4A6ACC09-2007-4742-BC1F-76C1C50A7EF7}.Release|Any CPU.Build.0 = Release|Any CPU
		{BA6105F9-E2E0-4853-A739-47E46B612C77}.Debug|Any CPU.ActiveCfg = Debug|Any CPU
		{BA6105F9-E2E0-4853-A739-47E46B612C77}.Debug|Any CPU.Build.0 = Debug|Any CPU
		{BA6105F9-E2E0-4853-A739-47E46B612C77}.Release|Any CPU.ActiveCfg = Release|Any CPU
		{BA6105F9-E2E0-4853-A739-47E46B612C77}.Release|Any CPU.Build.0 = Release|Any CPU
		{EE81C1FA-DE32-4010-BA30-EBCFD93BBCC6}.Debug|Any CPU.ActiveCfg = Debug|Any CPU
		{EE81C1FA-DE32-4010-BA30-EBCFD93BBCC6}.Debug|Any CPU.Build.0 = Debug|Any CPU
		{EE81C1FA-DE32-4010-BA30-EBCFD93BBCC6}.Release|Any CPU.ActiveCfg = Release|Any CPU
		{EE81C1FA-DE32-4010-BA30-EBCFD93BBCC6}.Release|Any CPU.Build.0 = Release|Any CPU
		{70644EF6-14A8-4C37-A692-57A120FEDCF4}.Debug|Any CPU.ActiveCfg = Debug|Any CPU
		{70644EF6-14A8-4C37-A692-57A120FEDCF4}.Debug|Any CPU.Build.0 = Debug|Any CPU
		{70644EF6-14A8-4C37-A692-57A120FEDCF4}.Release|Any CPU.ActiveCfg = Release|Any CPU
		{70644EF6-14A8-4C37-A692-57A120FEDCF4}.Release|Any CPU.Build.0 = Release|Any CPU
		{D0643828-43A5-4EEE-86F8-DA2F33756DDD}.Debug|Any CPU.ActiveCfg = Debug|Any CPU
		{D0643828-43A5-4EEE-86F8-DA2F33756DDD}.Debug|Any CPU.Build.0 = Debug|Any CPU
		{D0643828-43A5-4EEE-86F8-DA2F33756DDD}.Release|Any CPU.ActiveCfg = Release|Any CPU
		{D0643828-43A5-4EEE-86F8-DA2F33756DDD}.Release|Any CPU.Build.0 = Release|Any CPU
		{B8114646-0FFE-40E5-B48C-9586791E020E}.Debug|Any CPU.ActiveCfg = Debug|Any CPU
		{B8114646-0FFE-40E5-B48C-9586791E020E}.Debug|Any CPU.Build.0 = Debug|Any CPU
		{B8114646-0FFE-40E5-B48C-9586791E020E}.Release|Any CPU.ActiveCfg = Release|Any CPU
		{B8114646-0FFE-40E5-B48C-9586791E020E}.Release|Any CPU.Build.0 = Release|Any CPU
		{EC1652FA-D767-4ED4-9242-760F68E24369}.Debug|Any CPU.ActiveCfg = Debug|Any CPU
		{EC1652FA-D767-4ED4-9242-760F68E24369}.Debug|Any CPU.Build.0 = Debug|Any CPU
		{EC1652FA-D767-4ED4-9242-760F68E24369}.Release|Any CPU.ActiveCfg = Release|Any CPU
		{EC1652FA-D767-4ED4-9242-760F68E24369}.Release|Any CPU.Build.0 = Release|Any CPU
		{7967FD0F-CF7D-4D05-AC39-4B10A17DB3FC}.Debug|Any CPU.ActiveCfg = Debug|Any CPU
		{7967FD0F-CF7D-4D05-AC39-4B10A17DB3FC}.Debug|Any CPU.Build.0 = Debug|Any CPU
		{7967FD0F-CF7D-4D05-AC39-4B10A17DB3FC}.Release|Any CPU.ActiveCfg = Release|Any CPU
		{7967FD0F-CF7D-4D05-AC39-4B10A17DB3FC}.Release|Any CPU.Build.0 = Release|Any CPU
		{E05300CB-7A0A-4548-BF9C-909563075812}.Debug|Any CPU.ActiveCfg = Debug|Any CPU
		{E05300CB-7A0A-4548-BF9C-909563075812}.Debug|Any CPU.Build.0 = Debug|Any CPU
		{E05300CB-7A0A-4548-BF9C-909563075812}.Release|Any CPU.ActiveCfg = Release|Any CPU
		{E05300CB-7A0A-4548-BF9C-909563075812}.Release|Any CPU.Build.0 = Release|Any CPU
	EndGlobalSection
	GlobalSection(SolutionProperties) = preSolution
		HideSolutionNode = FALSE
	EndGlobalSection
	GlobalSection(NestedProjects) = preSolution
		{7085FF3C-4E59-44A0-86ED-6DB93D3E8E92} = {F1E8488E-74C3-49E8-A505-2D1270870E9E}
		{9551F3F7-3989-41E7-89F2-8967364DF005} = {F1E8488E-74C3-49E8-A505-2D1270870E9E}
		{4A6ACC09-2007-4742-BC1F-76C1C50A7EF7} = {7216BC5C-9F91-4CC6-8131-694C06280D3F}
		{BA6105F9-E2E0-4853-A739-47E46B612C77} = {F1E8488E-74C3-49E8-A505-2D1270870E9E}
		{EE81C1FA-DE32-4010-BA30-EBCFD93BBCC6} = {F1E8488E-74C3-49E8-A505-2D1270870E9E}
		{70644EF6-14A8-4C37-A692-57A120FEDCF4} = {F1E8488E-74C3-49E8-A505-2D1270870E9E}
		{D0643828-43A5-4EEE-86F8-DA2F33756DDD} = {F1E8488E-74C3-49E8-A505-2D1270870E9E}
		{B8114646-0FFE-40E5-B48C-9586791E020E} = {7216BC5C-9F91-4CC6-8131-694C06280D3F}
		{EC1652FA-D767-4ED4-9242-760F68E24369} = {7216BC5C-9F91-4CC6-8131-694C06280D3F}
		{7967FD0F-CF7D-4D05-AC39-4B10A17DB3FC} = {720BF726-6BA8-407B-8380-EB73297FDBCB}
		{E05300CB-7A0A-4548-BF9C-909563075812} = {F1E8488E-74C3-49E8-A505-2D1270870E9E}
	EndGlobalSection
	GlobalSection(ExtensibilityGlobals) = postSolution
		SolutionGuid = {29412C58-D1EB-43B5-A354-DB99C192C5C1}
	EndGlobalSection
EndGlobal
